// !$*UTF8*$!
{
	archiveVersion = 1;
	classes = {
	};
	objectVersion = 50;
	objects = {

/* Begin PBXBuildFile section */
		F2FB88A923EC6BB000F2A0D5 /* AppDelegate.swift in Sources */ = {isa = PBXBuildFile; fileRef = F2FB88A823EC6BB000F2A0D5 /* AppDelegate.swift */; };
		F2FB88AB23EC6BB000F2A0D5 /* SceneDelegate.swift in Sources */ = {isa = PBXBuildFile; fileRef = F2FB88AA23EC6BB000F2A0D5 /* SceneDelegate.swift */; };
		F2FB88AD23EC6BB000F2A0D5 /* ViewController.swift in Sources */ = {isa = PBXBuildFile; fileRef = F2FB88AC23EC6BB000F2A0D5 /* ViewController.swift */; };
		F2FB88B023EC6BB000F2A0D5 /* Main.storyboard in Resources */ = {isa = PBXBuildFile; fileRef = F2FB88AE23EC6BB000F2A0D5 /* Main.storyboard */; };
		F2FB88B223EC6BB300F2A0D5 /* Assets.xcassets in Resources */ = {isa = PBXBuildFile; fileRef = F2FB88B123EC6BB300F2A0D5 /* Assets.xcassets */; };
		F2FB88B523EC6BB300F2A0D5 /* LaunchScreen.storyboard in Resources */ = {isa = PBXBuildFile; fileRef = F2FB88B323EC6BB300F2A0D5 /* LaunchScreen.storyboard */; };
		F2FB88BD23EC6C1400F2A0D5 /* Eldor.swift in Sources */ = {isa = PBXBuildFile; fileRef = F2FB88BC23EC6C1400F2A0D5 /* Eldor.swift */; };
		F2FB88BF23EC6C4300F2A0D5 /* Shakhzod.swift in Sources */ = {isa = PBXBuildFile; fileRef = F2FB88BE23EC6C4300F2A0D5 /* Shakhzod.swift */; };
		F2FB88C123EC6C5E00F2A0D5 /* MuhammadYunus.swift in Sources */ = {isa = PBXBuildFile; fileRef = F2FB88C023EC6C5E00F2A0D5 /* MuhammadYunus.swift */; };
		F2FB88C323EC6C9300F2A0D5 /* Rahmatilloh.swift in Sources */ = {isa = PBXBuildFile; fileRef = F2FB88C223EC6C9300F2A0D5 /* Rahmatilloh.swift */; };
		F2FB88C523EC6C9F00F2A0D5 /* Aziza.swift in Sources */ = {isa = PBXBuildFile; fileRef = F2FB88C423EC6C9F00F2A0D5 /* Aziza.swift */; };
/* End PBXBuildFile section */

/* Begin PBXFileReference section */
		F2FB88A523EC6BB000F2A0D5 /* AnotherGitExample.app */ = {isa = PBXFileReference; explicitFileType = wrapper.application; includeInIndex = 0; path = AnotherGitExample.app; sourceTree = BUILT_PRODUCTS_DIR; };
		F2FB88A823EC6BB000F2A0D5 /* AppDelegate.swift */ = {isa = PBXFileReference; lastKnownFileType = sourcecode.swift; path = AppDelegate.swift; sourceTree = "<group>"; };
		F2FB88AA23EC6BB000F2A0D5 /* SceneDelegate.swift */ = {isa = PBXFileReference; lastKnownFileType = sourcecode.swift; path = SceneDelegate.swift; sourceTree = "<group>"; };
		F2FB88AC23EC6BB000F2A0D5 /* ViewController.swift */ = {isa = PBXFileReference; lastKnownFileType = sourcecode.swift; path = ViewController.swift; sourceTree = "<group>"; };
		F2FB88AF23EC6BB000F2A0D5 /* Base */ = {isa = PBXFileReference; lastKnownFileType = file.storyboard; name = Base; path = Base.lproj/Main.storyboard; sourceTree = "<group>"; };
		F2FB88B123EC6BB300F2A0D5 /* Assets.xcassets */ = {isa = PBXFileReference; lastKnownFileType = folder.assetcatalog; path = Assets.xcassets; sourceTree = "<group>"; };
		F2FB88B423EC6BB300F2A0D5 /* Base */ = {isa = PBXFileReference; lastKnownFileType = file.storyboard; name = Base; path = Base.lproj/LaunchScreen.storyboard; sourceTree = "<group>"; };
		F2FB88B623EC6BB300F2A0D5 /* Info.plist */ = {isa = PBXFileReference; lastKnownFileType = text.plist.xml; path = Info.plist; sourceTree = "<group>"; };
		F2FB88BC23EC6C1400F2A0D5 /* Eldor.swift */ = {isa = PBXFileReference; lastKnownFileType = sourcecode.swift; path = Eldor.swift; sourceTree = "<group>"; };
		F2FB88BE23EC6C4300F2A0D5 /* Shakhzod.swift */ = {isa = PBXFileReference; lastKnownFileType = sourcecode.swift; path = Shakhzod.swift; sourceTree = "<group>"; };
		F2FB88C023EC6C5E00F2A0D5 /* MuhammadYunus.swift */ = {isa = PBXFileReference; lastKnownFileType = sourcecode.swift; path = MuhammadYunus.swift; sourceTree = "<group>"; };
		F2FB88C223EC6C9300F2A0D5 /* Rahmatilloh.swift */ = {isa = PBXFileReference; lastKnownFileType = sourcecode.swift; path = Rahmatilloh.swift; sourceTree = "<group>"; };
		F2FB88C423EC6C9F00F2A0D5 /* Aziza.swift */ = {isa = PBXFileReference; lastKnownFileType = sourcecode.swift; path = Aziza.swift; sourceTree = "<group>"; };
/* End PBXFileReference section */

/* Begin PBXFrameworksBuildPhase section */
		F2FB88A223EC6BB000F2A0D5 /* Frameworks */ = {
			isa = PBXFrameworksBuildPhase;
			buildActionMask = 2147483647;
			files = (
			);
			runOnlyForDeploymentPostprocessing = 0;
		};
/* End PBXFrameworksBuildPhase section */

/* Begin PBXGroup section */
		F2FB889C23EC6BB000F2A0D5 = {
			isa = PBXGroup;
			children = (
				F2FB88A723EC6BB000F2A0D5 /* AnotherGitExample */,
				F2FB88A623EC6BB000F2A0D5 /* Products */,
			);
			sourceTree = "<group>";
		};
		F2FB88A623EC6BB000F2A0D5 /* Products */ = {
			isa = PBXGroup;
			children = (
				F2FB88A523EC6BB000F2A0D5 /* AnotherGitExample.app */,
			);
			name = Products;
			sourceTree = "<group>";
		};
		F2FB88A723EC6BB000F2A0D5 /* AnotherGitExample */ = {
			isa = PBXGroup;
			children = (
				F2FB88A823EC6BB000F2A0D5 /* AppDelegate.swift */,
				F2FB88AA23EC6BB000F2A0D5 /* SceneDelegate.swift */,
				F2FB88AC23EC6BB000F2A0D5 /* ViewController.swift */,
				F2FB88AE23EC6BB000F2A0D5 /* Main.storyboard */,
				F2FB88B123EC6BB300F2A0D5 /* Assets.xcassets */,
				F2FB88B323EC6BB300F2A0D5 /* LaunchScreen.storyboard */,
				F2FB88B623EC6BB300F2A0D5 /* Info.plist */,
				F2FB88BC23EC6C1400F2A0D5 /* Eldor.swift */,
				F2FB88BE23EC6C4300F2A0D5 /* Shakhzod.swift */,
				F2FB88C023EC6C5E00F2A0D5 /* MuhammadYunus.swift */,
				F2FB88C223EC6C9300F2A0D5 /* Rahmatilloh.swift */,
				F2FB88C423EC6C9F00F2A0D5 /* Aziza.swift */,
			);
			path = AnotherGitExample;
			sourceTree = "<group>";
		};
/* End PBXGroup section */

/* Begin PBXNativeTarget section */
		F2FB88A423EC6BB000F2A0D5 /* AnotherGitExample */ = {
			isa = PBXNativeTarget;
			buildConfigurationList = F2FB88B923EC6BB300F2A0D5 /* Build configuration list for PBXNativeTarget "AnotherGitExample" */;
			buildPhases = (
				F2FB88A123EC6BB000F2A0D5 /* Sources */,
				F2FB88A223EC6BB000F2A0D5 /* Frameworks */,
				F2FB88A323EC6BB000F2A0D5 /* Resources */,
			);
			buildRules = (
			);
			dependencies = (
			);
			name = AnotherGitExample;
			productName = AnotherGitExample;
			productReference = F2FB88A523EC6BB000F2A0D5 /* AnotherGitExample.app */;
			productType = "com.apple.product-type.application";
		};
/* End PBXNativeTarget section */

/* Begin PBXProject section */
		F2FB889D23EC6BB000F2A0D5 /* Project object */ = {
			isa = PBXProject;
			attributes = {
				LastSwiftUpdateCheck = 1130;
				LastUpgradeCheck = 1130;
				ORGANIZATIONNAME = "Nodirbek Asqarov";
				TargetAttributes = {
					F2FB88A423EC6BB000F2A0D5 = {
						CreatedOnToolsVersion = 11.3.1;
					};
				};
			};
			buildConfigurationList = F2FB88A023EC6BB000F2A0D5 /* Build configuration list for PBXProject "AnotherGitExample" */;
			compatibilityVersion = "Xcode 9.3";
			developmentRegion = en;
			hasScannedForEncodings = 0;
			knownRegions = (
				en,
				Base,
			);
			mainGroup = F2FB889C23EC6BB000F2A0D5;
			productRefGroup = F2FB88A623EC6BB000F2A0D5 /* Products */;
			projectDirPath = "";
			projectRoot = "";
			targets = (
				F2FB88A423EC6BB000F2A0D5 /* AnotherGitExample */,
			);
		};
/* End PBXProject section */

/* Begin PBXResourcesBuildPhase section */
		F2FB88A323EC6BB000F2A0D5 /* Resources */ = {
			isa = PBXResourcesBuildPhase;
			buildActionMask = 2147483647;
			files = (
				F2FB88B523EC6BB300F2A0D5 /* LaunchScreen.storyboard in Resources */,
				F2FB88B223EC6BB300F2A0D5 /* Assets.xcassets in Resources */,
				F2FB88B023EC6BB000F2A0D5 /* Main.storyboard in Resources */,
			);
			runOnlyForDeploymentPostprocessing = 0;
		};
/* End PBXResourcesBuildPhase section */

/* Begin PBXSourcesBuildPhase section */
		F2FB88A123EC6BB000F2A0D5 /* Sources */ = {
			isa = PBXSourcesBuildPhase;
			buildActionMask = 2147483647;
			files = (
				F2FB88BD23EC6C1400F2A0D5 /* Eldor.swift in Sources */,
				F2FB88BF23EC6C4300F2A0D5 /* Shakhzod.swift in Sources */,
				F2FB88AD23EC6BB000F2A0D5 /* ViewController.swift in Sources */,
				F2FB88A923EC6BB000F2A0D5 /* AppDelegate.swift in Sources */,
				F2FB88C123EC6C5E00F2A0D5 /* MuhammadYunus.swift in Sources */,
				F2FB88C523EC6C9F00F2A0D5 /* Aziza.swift in Sources */,
				F2FB88AB23EC6BB000F2A0D5 /* SceneDelegate.swift in Sources */,
				F2FB88C323EC6C9300F2A0D5 /* Rahmatilloh.swift in Sources */,
			);
			runOnlyForDeploymentPostprocessing = 0;
		};
/* End PBXSourcesBuildPhase section */

/* Begin PBXVariantGroup section */
		F2FB88AE23EC6BB000F2A0D5 /* Main.storyboard */ = {
			isa = PBXVariantGroup;
			children = (
				F2FB88AF23EC6BB000F2A0D5 /* Base */,
			);
			name = Main.storyboard;
			sourceTree = "<group>";
		};
		F2FB88B323EC6BB300F2A0D5 /* LaunchScreen.storyboard */ = {
			isa = PBXVariantGroup;
			children = (
				F2FB88B423EC6BB300F2A0D5 /* Base */,
			);
			name = LaunchScreen.storyboard;
			sourceTree = "<group>";
		};
/* End PBXVariantGroup section */

/* Begin XCBuildConfiguration section */
		F2FB88B723EC6BB300F2A0D5 /* Debug */ = {
			isa = XCBuildConfiguration;
			buildSettings = {
				ALWAYS_SEARCH_USER_PATHS = NO;
				CLANG_ANALYZER_NONNULL = YES;
				CLANG_ANALYZER_NUMBER_OBJECT_CONVERSION = YES_AGGRESSIVE;
				CLANG_CXX_LANGUAGE_STANDARD = "gnu++14";
				CLANG_CXX_LIBRARY = "libc++";
				CLANG_ENABLE_MODULES = YES;
				CLANG_ENABLE_OBJC_ARC = YES;
				CLANG_ENABLE_OBJC_WEAK = YES;
				CLANG_WARN_BLOCK_CAPTURE_AUTORELEASING = YES;
				CLANG_WARN_BOOL_CONVERSION = YES;
				CLANG_WARN_COMMA = YES;
				CLANG_WARN_CONSTANT_CONVERSION = YES;
				CLANG_WARN_DEPRECATED_OBJC_IMPLEMENTATIONS = YES;
				CLANG_WARN_DIRECT_OBJC_ISA_USAGE = YES_ERROR;
				CLANG_WARN_DOCUMENTATION_COMMENTS = YES;
				CLANG_WARN_EMPTY_BODY = YES;
				CLANG_WARN_ENUM_CONVERSION = YES;
				CLANG_WARN_INFINITE_RECURSION = YES;
				CLANG_WARN_INT_CONVERSION = YES;
				CLANG_WARN_NON_LITERAL_NULL_CONVERSION = YES;
				CLANG_WARN_OBJC_IMPLICIT_RETAIN_SELF = YES;
				CLANG_WARN_OBJC_LITERAL_CONVERSION = YES;
				CLANG_WARN_OBJC_ROOT_CLASS = YES_ERROR;
				CLANG_WARN_RANGE_LOOP_ANALYSIS = YES;
				CLANG_WARN_STRICT_PROTOTYPES = YES;
				CLANG_WARN_SUSPICIOUS_MOVE = YES;
				CLANG_WARN_UNGUARDED_AVAILABILITY = YES_AGGRESSIVE;
				CLANG_WARN_UNREACHABLE_CODE = YES;
				CLANG_WARN__DUPLICATE_METHOD_MATCH = YES;
				COPY_PHASE_STRIP = NO;
				DEBUG_INFORMATION_FORMAT = dwarf;
				ENABLE_STRICT_OBJC_MSGSEND = YES;
				ENABLE_TESTABILITY = YES;
				GCC_C_LANGUAGE_STANDARD = gnu11;
				GCC_DYNAMIC_NO_PIC = NO;
				GCC_NO_COMMON_BLOCKS = YES;
				GCC_OPTIMIZATION_LEVEL = 0;
				GCC_PREPROCESSOR_DEFINITIONS = (
					"DEBUG=1",
					"$(inherited)",
				);
				GCC_WARN_64_TO_32_BIT_CONVERSION = YES;
				GCC_WARN_ABOUT_RETURN_TYPE = YES_ERROR;
				GCC_WARN_UNDECLARED_SELECTOR = YES;
				GCC_WARN_UNINITIALIZED_AUTOS = YES_AGGRESSIVE;
				GCC_WARN_UNUSED_FUNCTION = YES;
				GCC_WARN_UNUSED_VARIABLE = YES;
				IPHONEOS_DEPLOYMENT_TARGET = 13.2;
				MTL_ENABLE_DEBUG_INFO = INCLUDE_SOURCE;
				MTL_FAST_MATH = YES;
				ONLY_ACTIVE_ARCH = YES;
				SDKROOT = iphoneos;
				SWIFT_ACTIVE_COMPILATION_CONDITIONS = DEBUG;
				SWIFT_OPTIMIZATION_LEVEL = "-Onone";
			};
			name = Debug;
		};
		F2FB88B823EC6BB300F2A0D5 /* Release */ = {
			isa = XCBuildConfiguration;
			buildSettings = {
				ALWAYS_SEARCH_USER_PATHS = NO;
				CLANG_ANALYZER_NONNULL = YES;
				CLANG_ANALYZER_NUMBER_OBJECT_CONVERSION = YES_AGGRESSIVE;
				CLANG_CXX_LANGUAGE_STANDARD = "gnu++14";
				CLANG_CXX_LIBRARY = "libc++";
				CLANG_ENABLE_MODULES = YES;
				CLANG_ENABLE_OBJC_ARC = YES;
				CLANG_ENABLE_OBJC_WEAK = YES;
				CLANG_WARN_BLOCK_CAPTURE_AUTORELEASING = YES;
				CLANG_WARN_BOOL_CONVERSION = YES;
				CLANG_WARN_COMMA = YES;
				CLANG_WARN_CONSTANT_CONVERSION = YES;
				CLANG_WARN_DEPRECATED_OBJC_IMPLEMENTATIONS = YES;
				CLANG_WARN_DIRECT_OBJC_ISA_USAGE = YES_ERROR;
				CLANG_WARN_DOCUMENTATION_COMMENTS = YES;
				CLANG_WARN_EMPTY_BODY = YES;
				CLANG_WARN_ENUM_CONVERSION = YES;
				CLANG_WARN_INFINITE_RECURSION = YES;
				CLANG_WARN_INT_CONVERSION = YES;
				CLANG_WARN_NON_LITERAL_NULL_CONVERSION = YES;
				CLANG_WARN_OBJC_IMPLICIT_RETAIN_SELF = YES;
				CLANG_WARN_OBJC_LITERAL_CONVERSION = YES;
				CLANG_WARN_OBJC_ROOT_CLASS = YES_ERROR;
				CLANG_WARN_RANGE_LOOP_ANALYSIS = YES;
				CLANG_WARN_STRICT_PROTOTYPES = YES;
				CLANG_WARN_SUSPICIOUS_MOVE = YES;
				CLANG_WARN_UNGUARDED_AVAILABILITY = YES_AGGRESSIVE;
				CLANG_WARN_UNREACHABLE_CODE = YES;
				CLANG_WARN__DUPLICATE_METHOD_MATCH = YES;
				COPY_PHASE_STRIP = NO;
				DEBUG_INFORMATION_FORMAT = "dwarf-with-dsym";
				ENABLE_NS_ASSERTIONS = NO;
				ENABLE_STRICT_OBJC_MSGSEND = YES;
				GCC_C_LANGUAGE_STANDARD = gnu11;
				GCC_NO_COMMON_BLOCKS = YES;
				GCC_WARN_64_TO_32_BIT_CONVERSION = YES;
				GCC_WARN_ABOUT_RETURN_TYPE = YES_ERROR;
				GCC_WARN_UNDECLARED_SELECTOR = YES;
				GCC_WARN_UNINITIALIZED_AUTOS = YES_AGGRESSIVE;
				GCC_WARN_UNUSED_FUNCTION = YES;
				GCC_WARN_UNUSED_VARIABLE = YES;
				IPHONEOS_DEPLOYMENT_TARGET = 13.2;
				MTL_ENABLE_DEBUG_INFO = NO;
				MTL_FAST_MATH = YES;
				SDKROOT = iphoneos;
				SWIFT_COMPILATION_MODE = wholemodule;
				SWIFT_OPTIMIZATION_LEVEL = "-O";
				VALIDATE_PRODUCT = YES;
			};
			name = Release;
		};
		F2FB88BA23EC6BB300F2A0D5 /* Debug */ = {
			isa = XCBuildConfiguration;
			buildSettings = {
				ASSETCATALOG_COMPILER_APPICON_NAME = AppIcon;
				CODE_SIGN_STYLE = Automatic;
				INFOPLIST_FILE = AnotherGitExample/Info.plist;
				LD_RUNPATH_SEARCH_PATHS = (
					"$(inherited)",
					"@executable_path/Frameworks",
				);
				PRODUCT_BUNDLE_IDENTIFIER = com.tictactoe.f.AnotherGitExample;
				PRODUCT_NAME = "$(TARGET_NAME)";
				SWIFT_VERSION = 5.0;
				TARGETED_DEVICE_FAMILY = "1,2";
			};
			name = Debug;
		};
		F2FB88BB23EC6BB300F2A0D5 /* Release */ = {
			isa = XCBuildConfiguration;
			buildSettings = {
				ASSETCATALOG_COMPILER_APPICON_NAME = AppIcon;
				CODE_SIGN_STYLE = Automatic;
				INFOPLIST_FILE = AnotherGitExample/Info.plist;
				LD_RUNPATH_SEARCH_PATHS = (
					"$(inherited)",
					"@executable_path/Frameworks",
				);
				PRODUCT_BUNDLE_IDENTIFIER = com.tictactoe.f.AnotherGitExample;
				PRODUCT_NAME = "$(TARGET_NAME)";
				SWIFT_VERSION = 5.0;
				TARGETED_DEVICE_FAMILY = "1,2";
			};
			name = Release;
		};
/* End XCBuildConfiguration section */

/* Begin XCConfigurationList section */
		F2FB88A023EC6BB000F2A0D5 /* Build configuration list for PBXProject "AnotherGitExample" */ = {
			isa = XCConfigurationList;
			buildConfigurations = (
				F2FB88B723EC6BB300F2A0D5 /* Debug */,
				F2FB88B823EC6BB300F2A0D5 /* Release */,
			);
			defaultConfigurationIsVisible = 0;
			defaultConfigurationName = Release;
		};
		F2FB88B923EC6BB300F2A0D5 /* Build configuration list for PBXNativeTarget "AnotherGitExample" */ = {
			isa = XCConfigurationList;
			buildConfigurations = (
				F2FB88BA23EC6BB300F2A0D5 /* Debug */,
				F2FB88BB23EC6BB300F2A0D5 /* Release */,
			);
			defaultConfigurationIsVisible = 0;
			defaultConfigurationName = Release;
		};
/* End XCConfigurationList section */
	};
	rootObject = F2FB889D23EC6BB000F2A0D5 /* Project object */;
}
